
Microsoft Visual Studio Solution File, Format Version 12.00
# Visual Studio Version 16
VisualStudioVersion = 16.0.28803.352
MinimumVisualStudioVersion = 10.0.40219.1
Project("{FAE04EC0-301F-11D3-BF4B-00C04F79EFBC}") = "ConsoleApp1", "ConsoleApp1\ConsoleApp1.csproj", "{6530337D-721A-4F43-97B4-855A134A5771}"
EndProject
Project("{FAE04EC0-301F-11D3-BF4B-00C04F79EFBC}") = "CacheService", "CacheService\CacheService.csproj", "{89BDB466-DB99-48DD-9BD8-E71F129752C4}"
EndProject
Global
	GlobalSection(SolutionConfigurationPlatforms) = preSolution
		Debug|Any CPU = Debug|Any CPU
		Release|Any CPU = Release|Any CPU
	EndGlobalSection
	GlobalSection(ProjectConfigurationPlatforms) = postSolution
		{6530337D-721A-4F43-97B4-855A134A5771}.Debug|Any CPU.ActiveCfg = Debug|Any CPU
		{6530337D-721A-4F43-97B4-855A134A5771}.Debug|Any CPU.Build.0 = Debug|Any CPU
		{6530337D-721A-4F43-97B4-855A134A5771}.Release|Any CPU.ActiveCfg = Release|Any CPU
		{6530337D-721A-4F43-97B4-855A134A5771}.Release|Any CPU.Build.0 = Release|Any CPU
		{89BDB466-DB99-48DD-9BD8-E71F129752C4}.Debug|Any CPU.ActiveCfg = Debug|Any CPU
		{89BDB466-DB99-48DD-9BD8-E71F129752C4}.Debug|Any CPU.Build.0 = Debug|Any CPU
		{89BDB466-DB99-48DD-9BD8-E71F129752C4}.Release|Any CPU.ActiveCfg = Release|Any CPU
		{89BDB466-DB99-48DD-9BD8-E71F129752C4}.Release|Any CPU.Build.0 = Release|Any CPU
	EndGlobalSection
	GlobalSection(SolutionProperties) = preSolution
		HideSolutionNode = FALSE
	EndGlobalSection
	GlobalSection(ExtensibilityGlobals) = postSolution
		SolutionGuid = {FD500C84-D003-498A-B6E9-216069B30358}
	EndGlobalSection
EndGlobal
